{
  "version": "4",
  "specifiers": {
    "npm:@tailwindcss/cli@*": "4.0.0",
    "npm:@tailwindcss/cli@4": "4.0.0",
    "npm:@types/golang-wasm-exec@^1.15.2": "1.15.2",
    "npm:prettier@^3.4.2": "3.4.2",
    "npm:tailwindcss@4": "4.0.0"
  },
  "npm": {
    "@parcel/watcher-android-arm64@2.5.1": {
      "integrity": "sha512-KF8+j9nNbUN8vzOFDpRMsaKBHZ/mcjEjMToVMJOhTozkDonQFFrRcfdLWn6yWKCmJKmdVxSgHiYvTCef4/qcBA=="
    },
    "@parcel/watcher-darwin-arm64@2.5.1": {
      "integrity": "sha512-eAzPv5osDmZyBhou8PoF4i6RQXAfeKL9tjb3QzYuccXFMQU0ruIc/POh30ePnaOyD1UXdlKguHBmsTs53tVoPw=="
    },
    "@parcel/watcher-darwin-x64@2.5.1": {
      "integrity": "sha512-1ZXDthrnNmwv10A0/3AJNZ9JGlzrF82i3gNQcWOzd7nJ8aj+ILyW1MTxVk35Db0u91oD5Nlk9MBiujMlwmeXZg=="
    },
    "@parcel/watcher-freebsd-x64@2.5.1": {
      "integrity": "sha512-SI4eljM7Flp9yPuKi8W0ird8TI/JK6CSxju3NojVI6BjHsTyK7zxA9urjVjEKJ5MBYC+bLmMcbAWlZ+rFkLpJQ=="
    },
    "@parcel/watcher-linux-arm-glibc@2.5.1": {
      "integrity": "sha512-RCdZlEyTs8geyBkkcnPWvtXLY44BCeZKmGYRtSgtwwnHR4dxfHRG3gR99XdMEdQ7KeiDdasJwwvNSF5jKtDwdA=="
    },
    "@parcel/watcher-linux-arm-musl@2.5.1": {
      "integrity": "sha512-6E+m/Mm1t1yhB8X412stiKFG3XykmgdIOqhjWj+VL8oHkKABfu/gjFj8DvLrYVHSBNC+/u5PeNrujiSQ1zwd1Q=="
    },
    "@parcel/watcher-linux-arm64-glibc@2.5.1": {
      "integrity": "sha512-LrGp+f02yU3BN9A+DGuY3v3bmnFUggAITBGriZHUREfNEzZh/GO06FF5u2kx8x+GBEUYfyTGamol4j3m9ANe8w=="
    },
    "@parcel/watcher-linux-arm64-musl@2.5.1": {
      "integrity": "sha512-cFOjABi92pMYRXS7AcQv9/M1YuKRw8SZniCDw0ssQb/noPkRzA+HBDkwmyOJYp5wXcsTrhxO0zq1U11cK9jsFg=="
    },
    "@parcel/watcher-linux-x64-glibc@2.5.1": {
      "integrity": "sha512-GcESn8NZySmfwlTsIur+49yDqSny2IhPeZfXunQi48DMugKeZ7uy1FX83pO0X22sHntJ4Ub+9k34XQCX+oHt2A=="
    },
    "@parcel/watcher-linux-x64-musl@2.5.1": {
      "integrity": "sha512-n0E2EQbatQ3bXhcH2D1XIAANAcTZkQICBPVaxMeaCVBtOpBZpWJuf7LwyWPSBDITb7In8mqQgJ7gH8CILCURXg=="
    },
    "@parcel/watcher-win32-arm64@2.5.1": {
      "integrity": "sha512-RFzklRvmc3PkjKjry3hLF9wD7ppR4AKcWNzH7kXR7GUe0Igb3Nz8fyPwtZCSquGrhU5HhUNDr/mKBqj7tqA2Vw=="
    },
    "@parcel/watcher-win32-ia32@2.5.1": {
      "integrity": "sha512-c2KkcVN+NJmuA7CGlaGD1qJh1cLfDnQsHjE89E60vUEMlqduHGCdCLJCID5geFVM0dOtA3ZiIO8BoEQmzQVfpQ=="
    },
    "@parcel/watcher-win32-x64@2.5.1": {
      "integrity": "sha512-9lHBdJITeNR++EvSQVUcaZoWupyHfXe1jZvGZ06O/5MflPcuPLtEphScIBL+AiCWBO46tDSHzWyD0uDmmZqsgA=="
    },
    "@parcel/watcher@2.5.1": {
      "integrity": "sha512-dfUnCxiN9H4ap84DvD2ubjw+3vUNpstxa0TneY/Paat8a3R4uQZDLSvWjmznAY/DoahqTHl9V46HF/Zs3F29pg==",
      "dependencies": [
        "@parcel/watcher-android-arm64",
        "@parcel/watcher-darwin-arm64",
        "@parcel/watcher-darwin-x64",
        "@parcel/watcher-freebsd-x64",
        "@parcel/watcher-linux-arm-glibc",
        "@parcel/watcher-linux-arm-musl",
        "@parcel/watcher-linux-arm64-glibc",
        "@parcel/watcher-linux-arm64-musl",
        "@parcel/watcher-linux-x64-glibc",
        "@parcel/watcher-linux-x64-musl",
        "@parcel/watcher-win32-arm64",
        "@parcel/watcher-win32-ia32",
        "@parcel/watcher-win32-x64",
        "detect-libc",
        "is-glob",
        "micromatch",
        "node-addon-api"
      ]
    },
    "@tailwindcss/cli@4.0.0": {
      "integrity": "sha512-nh6kzSTalHf9yk6WNsS4MMZakSINsncNQXsSJthvcPI4x+yajEaNQvS2uUti3PGLbsmlGoUvjhnGTBpzh7H0bA==",
      "dependencies": [
        "@parcel/watcher",
        "@tailwindcss/node",
        "@tailwindcss/oxide",
        "enhanced-resolve",
        "lightningcss",
        "mri",
        "picocolors",
        "tailwindcss"
      ]
    },
    "@tailwindcss/node@4.0.0": {
      "integrity": "sha512-tfG2uBvo6j6kDIPmntxwXggCOZAt7SkpAXJ6pTIYirNdk5FBqh/CZZ9BZPpgcl/tNFLs6zc4yghM76sqiELG9g==",
      "dependencies": [
        "enhanced-resolve",
        "jiti",
        "tailwindcss"
      ]
    },
    "@tailwindcss/oxide-android-arm64@4.0.0": {
      "integrity": "sha512-EAhjU0+FIdyGPR+7MbBWubLLPtmOu+p7c2egTTFBRk/n//zYjNvVK0WhcBK5Y7oUB5mo4EjA2mCbY7dcEMWSRw=="
    },
    "@tailwindcss/oxide-darwin-arm64@4.0.0": {
      "integrity": "sha512-hdz4xnSWS11cIp+7ye+3dGHqs0X33z+BXXTtgPOguDWVa+TdXUzwxonklSzf5wlJFuot3dv5eWzhlNai0oYYQg=="
    },
    "@tailwindcss/oxide-darwin-x64@4.0.0": {
      "integrity": "sha512-+dOUUaXTkPKKhtUI9QtVaYg+MpmLh2CN0dHohiYXaBirEyPMkjaT0zbRgzQlNnQWjCVVXPQluIEb0OMEjSTH+Q=="
    },
    "@tailwindcss/oxide-freebsd-x64@4.0.0": {
      "integrity": "sha512-CJhGDhxnrmu4SwyC62fA+wP24MhA/TZlIhRHqg1kRuIHoGoVR2uSSm1qxTxU37tSSZj8Up0q6jsBJCAP4k7rgQ=="
    },
    "@tailwindcss/oxide-linux-arm-gnueabihf@4.0.0": {
      "integrity": "sha512-Wy7Av0xzXfY2ujZBcYy4+7GQm25/J1iHvlQU2CfwdDCuPWfIjYzR6kggz+uVdSJyKV2s64znchBxRE8kV4uXSA=="
    },
    "@tailwindcss/oxide-linux-arm64-gnu@4.0.0": {
      "integrity": "sha512-srwBo2l6pvM0swBntc1ucuhGsfFOLkqPRFQ3dWARRTfSkL1U9nAsob2MKc/n47Eva/W9pZZgMOuf7rDw8pK1Ew=="
    },
    "@tailwindcss/oxide-linux-arm64-musl@4.0.0": {
      "integrity": "sha512-abhusswkduYWuezkBmgo0K0/erGq3M4Se5xP0fhc/0dKs0X/rJUYYCFWntHb3IGh3aVzdQ0SXJs93P76DbUqtw=="
    },
    "@tailwindcss/oxide-linux-x64-gnu@4.0.0": {
      "integrity": "sha512-hGtRYIUEx377/HlU49+jvVKKwU1MDSKYSMMs0JFO2Wp7LGxk5+0j5+RBk9NFnmp/lbp32yPTgIOO5m1BmDq36A=="
    },
    "@tailwindcss/oxide-linux-x64-musl@4.0.0": {
      "integrity": "sha512-7xgQgSAThs0I14VAgmxpJnK6XFSZBxHMGoDXkLyYkEnu+8WRQMbCP93dkCUn2PIv+Q+JulRgc00PJ09uORSLXQ=="
    },
    "@tailwindcss/oxide-win32-arm64-msvc@4.0.0": {
      "integrity": "sha512-qEcgTIPcWY5ZE7f6VxQ/JPrSFMcehzVIlZj7sGE3mVd5YWreAT+Fl1vSP8q2pjnWXn0avZG3Iw7a2hJQAm+fTQ=="
    },
    "@tailwindcss/oxide-win32-x64-msvc@4.0.0": {
      "integrity": "sha512-bqT0AY8RXb8GMDy28JtngvqaOSB2YixbLPLvUo6I6lkvvUwA6Eqh2Tj60e2Lh7O/k083f8tYiB0WEK4wmTI7Jg=="
    },
    "@tailwindcss/oxide@4.0.0": {
      "integrity": "sha512-W3FjpJgy4VV1JiL7iBYDf2n/WkeDg1Il+0Q7eWnqPyvkPPCo/Mbwc5BiaT7dfBNV6tQKAhVE34rU5xl8pSl50w==",
      "dependencies": [
        "@tailwindcss/oxide-android-arm64",
        "@tailwindcss/oxide-darwin-arm64",
        "@tailwindcss/oxide-darwin-x64",
        "@tailwindcss/oxide-freebsd-x64",
        "@tailwindcss/oxide-linux-arm-gnueabihf",
        "@tailwindcss/oxide-linux-arm64-gnu",
        "@tailwindcss/oxide-linux-arm64-musl",
        "@tailwindcss/oxide-linux-x64-gnu",
        "@tailwindcss/oxide-linux-x64-musl",
        "@tailwindcss/oxide-win32-arm64-msvc",
        "@tailwindcss/oxide-win32-x64-msvc"
      ]
    },
    "@types/golang-wasm-exec@1.15.2": {
      "integrity": "sha512-NA77toY4yOiiV5foDVT/rfxmtoox7ASHqGs4Eek8xTMcKWwAhZLOD3SYfLQKq4P2jtOLQQkeISq3zSuQ1Y+apg=="
    },
    "braces@3.0.3": {
      "integrity": "sha512-yQbXgO/OSZVD2IsiLlro+7Hf6Q18EJrKSEsdoMzKePKXct3gvD8oLcOQdIzGupr5Fj+EDe8gO/lxc1BzfMpxvA==",
      "dependencies": [
        "fill-range"
      ]
    },
    "detect-libc@1.0.3": {
      "integrity": "sha512-pGjwhsmsp4kL2RTz08wcOlGN83otlqHeD/Z5T8GXZB+/YcpQ/dgo+lbU8ZsGxV0HIvqqxo9l7mqYwyYMD9bKDg=="
    },
    "enhanced-resolve@5.18.0": {
      "integrity": "sha512-0/r0MySGYG8YqlayBZ6MuCfECmHFdJ5qyPh8s8wa5Hnm6SaFLSK1VYCbj+NKp090Nm1caZhD+QTnmxO7esYGyQ==",
      "dependencies": [
        "graceful-fs",
        "tapable"
      ]
    },
    "fill-range@7.1.1": {
      "integrity": "sha512-YsGpe3WHLK8ZYi4tWDg2Jy3ebRz2rXowDxnld4bkQB00cc/1Zw9AWnC0i9ztDJitivtQvaI9KaLyKrc+hBW0yg==",
      "dependencies": [
        "to-regex-range"
      ]
    },
    "graceful-fs@4.2.11": {
      "integrity": "sha512-RbJ5/jmFcNNCcDV5o9eTnBLJ/HszWV0P73bc+Ff4nS/rJj+YaS6IGyiOL0VoBYX+l1Wrl3k63h/KrH+nhJ0XvQ=="
    },
    "is-extglob@2.1.1": {
      "integrity": "sha512-SbKbANkN603Vi4jEZv49LeVJMn4yGwsbzZworEoyEiutsN3nJYdbO36zfhGJ6QEDpOZIFkDtnq5JRxmvl3jsoQ=="
    },
    "is-glob@4.0.3": {
      "integrity": "sha512-xelSayHH36ZgE7ZWhli7pW34hNbNl8Ojv5KVmkJD4hBdD3th8Tfk9vYasLM+mXWOZhFkgZfxhLSnrwRr4elSSg==",
      "dependencies": [
        "is-extglob"
      ]
    },
    "is-number@7.0.0": {
      "integrity": "sha512-41Cifkg6e8TylSpdtTpeLVMqvSBEVzTttHvERD741+pnZ8ANv0004MRL43QKPDlK9cGvNp6NZWZUBlbGXYxxng=="
    },
    "jiti@2.4.2": {
      "integrity": "sha512-rg9zJN+G4n2nfJl5MW3BMygZX56zKPNVEYYqq7adpmMh4Jn2QNEwhvQlFy6jPVdcod7txZtKHWnyZiA3a0zP7A=="
    },
    "lightningcss-darwin-arm64@1.29.1": {
      "integrity": "sha512-HtR5XJ5A0lvCqYAoSv2QdZZyoHNttBpa5EP9aNuzBQeKGfbyH5+UipLWvVzpP4Uml5ej4BYs5I9Lco9u1fECqw=="
    },
    "lightningcss-darwin-x64@1.29.1": {
      "integrity": "sha512-k33G9IzKUpHy/J/3+9MCO4e+PzaFblsgBjSGlpAaFikeBFm8B/CkO3cKU9oI4g+fjS2KlkLM/Bza9K/aw8wsNA=="
    },
    "lightningcss-freebsd-x64@1.29.1": {
      "integrity": "sha512-0SUW22fv/8kln2LnIdOCmSuXnxgxVC276W5KLTwoehiO0hxkacBxjHOL5EtHD8BAXg2BvuhsJPmVMasvby3LiQ=="
    },
    "lightningcss-linux-arm-gnueabihf@1.29.1": {
      "integrity": "sha512-sD32pFvlR0kDlqsOZmYqH/68SqUMPNj+0pucGxToXZi4XZgZmqeX/NkxNKCPsswAXU3UeYgDSpGhu05eAufjDg=="
    },
    "lightningcss-linux-arm64-gnu@1.29.1": {
      "integrity": "sha512-0+vClRIZ6mmJl/dxGuRsE197o1HDEeeRk6nzycSy2GofC2JsY4ifCRnvUWf/CUBQmlrvMzt6SMQNMSEu22csWQ=="
    },
    "lightningcss-linux-arm64-musl@1.29.1": {
      "integrity": "sha512-UKMFrG4rL/uHNgelBsDwJcBqVpzNJbzsKkbI3Ja5fg00sgQnHw/VrzUTEc4jhZ+AN2BvQYz/tkHu4vt1kLuJyw=="
    },
    "lightningcss-linux-x64-gnu@1.29.1": {
      "integrity": "sha512-u1S+xdODy/eEtjADqirA774y3jLcm8RPtYztwReEXoZKdzgsHYPl0s5V52Tst+GKzqjebkULT86XMSxejzfISw=="
    },
    "lightningcss-linux-x64-musl@1.29.1": {
      "integrity": "sha512-L0Tx0DtaNUTzXv0lbGCLB/c/qEADanHbu4QdcNOXLIe1i8i22rZRpbT3gpWYsCh9aSL9zFujY/WmEXIatWvXbw=="
    },
    "lightningcss-win32-arm64-msvc@1.29.1": {
      "integrity": "sha512-QoOVnkIEFfbW4xPi+dpdft/zAKmgLgsRHfJalEPYuJDOWf7cLQzYg0DEh8/sn737FaeMJxHZRc1oBreiwZCjog=="
    },
    "lightningcss-win32-x64-msvc@1.29.1": {
      "integrity": "sha512-NygcbThNBe4JElP+olyTI/doBNGJvLs3bFCRPdvuCcxZCcCZ71B858IHpdm7L1btZex0FvCmM17FK98Y9MRy1Q=="
    },
    "lightningcss@1.29.1": {
      "integrity": "sha512-FmGoeD4S05ewj+AkhTY+D+myDvXI6eL27FjHIjoyUkO/uw7WZD1fBVs0QxeYWa7E17CUHJaYX/RUGISCtcrG4Q==",
      "dependencies": [
        "detect-libc",
        "lightningcss-darwin-arm64",
        "lightningcss-darwin-x64",
        "lightningcss-freebsd-x64",
        "lightningcss-linux-arm-gnueabihf",
        "lightningcss-linux-arm64-gnu",
        "lightningcss-linux-arm64-musl",
        "lightningcss-linux-x64-gnu",
        "lightningcss-linux-x64-musl",
        "lightningcss-win32-arm64-msvc",
        "lightningcss-win32-x64-msvc"
      ]
    },
    "micromatch@4.0.8": {
      "integrity": "sha512-PXwfBhYu0hBCPw8Dn0E+WDYb7af3dSLVWKi3HGv84IdF4TyFoC0ysxFd0Goxw7nSv4T/PzEJQxsYsEiFCKo2BA==",
      "dependencies": [
        "braces",
        "picomatch"
      ]
    },
    "mri@1.2.0": {
      "integrity": "sha512-tzzskb3bG8LvYGFF/mDTpq3jpI6Q9wc3LEmBaghu+DdCssd1FakN7Bc0hVNmEyGq1bq3RgfkCb3cmQLpNPOroA=="
    },
    "node-addon-api@7.1.1": {
      "integrity": "sha512-5m3bsyrjFWE1xf7nz7YXdN4udnVtXK6/Yfgn5qnahL6bCkf2yKt4k3nuTKAtT4r3IG8JNR2ncsIMdZuAzJjHQQ=="
    },
    "picocolors@1.1.1": {
      "integrity": "sha512-xceH2snhtb5M9liqDsmEw56le376mTZkEX/jEb/RxNFyegNul7eNslCXP9FDj/Lcu0X8KEyMceP2ntpaHrDEVA=="
    },
    "picomatch@2.3.1": {
      "integrity": "sha512-JU3teHTNjmE2VCGFzuY8EXzCDVwEqB2a8fsIvwaStHhAWJEeVd1o1QD80CU6+ZdEXXSLbSsuLwJjkCBWqRQUVA=="
    },
    "prettier@3.4.2": {
      "integrity": "sha512-e9MewbtFo+Fevyuxn/4rrcDAaq0IYxPGLvObpQjiZBMAzB9IGmzlnG9RZy3FFas+eBMu2vA0CszMeduow5dIuQ=="
    },
    "tailwindcss@4.0.0": {
      "integrity": "sha512-ULRPI3A+e39T7pSaf1xoi58AqqJxVCLg8F/uM5A3FadUbnyDTgltVnXJvdkTjwCOGA6NazqHVcwPJC5h2vRYVQ=="
    },
    "tapable@2.2.1": {
      "integrity": "sha512-GNzQvQTOIP6RyTfE2Qxb8ZVlNmw0n88vp1szwWRimP02mnTsx3Wtn5qRdqY9w2XduFNUgvOwhNnQsjwCp+kqaQ=="
    },
    "to-regex-range@5.0.1": {
      "integrity": "sha512-65P7iz6X5yEr1cwcgvQxbbIw7Uk3gOy5dIdtZ4rDveLqhrdJP+Li/Hx6tyK0NEb+2GCyneCMJiGqrADCSNk8sQ==",
      "dependencies": [
        "is-number"
      ]
    }
  },
  "remote": {
    "https://esm.sh/htm@3.1.1": "618fdb44f13eae1da6c01bfee68f97bf0b37d784d12eabacc85e5d306ebd1310",
    "https://esm.sh/preact@10.25.3": "5a6dd0f7a583bc1081166279d6bf678238b84eab862b34f1da460d65b27c7bb0"
  },
  "workspace": {
    "dependencies": [
      "npm:@tailwindcss/cli@4",
      "npm:@types/golang-wasm-exec@^1.15.2",
      "npm:prettier@^3.4.2",
      "npm:tailwindcss@4"
    ]
  }
}
